
Microsoft Visual Studio Solution File, Format Version 12.00
# Visual Studio 15
Project("{FAE04EC0-301F-11D3-BF4B-00C04F79EFBC}") = "UnityEngine.UI", "UnityEngine.UI.csproj", "{46AB7FF7-547D-AAD3-CF7A-51407F5DECE0}"
EndProject
Project("{FAE04EC0-301F-11D3-BF4B-00C04F79EFBC}") = "Assembly-CSharp", "Assembly-CSharp.csproj", "{C5C58DB6-BC0F-3089-307F-0DBB452C44EE}"
EndProject
Project("{FAE04EC0-301F-11D3-BF4B-00C04F79EFBC}") = "UnityEditor.UI", "UnityEditor.UI.csproj", "{A7199D88-7404-6BB9-FF58-CAED20FDA6BE}"
EndProject
Project("{FAE04EC0-301F-11D3-BF4B-00C04F79EFBC}") = "UnityEngine.UI", "UnityEngine.UI.Player.csproj", "{203EBCD4-DA00-CF7D-B02E-736F0C168217}"
EndProject
Project("{FAE04EC0-301F-11D3-BF4B-00C04F79EFBC}") = "Assembly-CSharp", "Assembly-CSharp.Player.csproj", "{94A6A09B-197B-1E7B-6E38-3F2FE34D26AB}"
EndProject
Global
	GlobalSection(SolutionConfigurationPlatforms) = preSolution
		Debug|Any CPU = Debug|Any CPU
		Release|Any CPU = Release|Any CPU
	EndGlobalSection
	GlobalSection(ProjectConfigurationPlatforms) = postSolution
		{46AB7FF7-547D-AAD3-CF7A-51407F5DECE0}.Debug|Any CPU.ActiveCfg = Debug|Any CPU
		{46AB7FF7-547D-AAD3-CF7A-51407F5DECE0}.Debug|Any CPU.Build.0 = Debug|Any CPU
		{46AB7FF7-547D-AAD3-CF7A-51407F5DECE0}.Release|Any CPU.ActiveCfg = Release|Any CPU
		{46AB7FF7-547D-AAD3-CF7A-51407F5DECE0}.Release|Any CPU.Build.0 = Release|Any CPU
		{C5C58DB6-BC0F-3089-307F-0DBB452C44EE}.Debug|Any CPU.ActiveCfg = Debug|Any CPU
		{C5C58DB6-BC0F-3089-307F-0DBB452C44EE}.Debug|Any CPU.Build.0 = Debug|Any CPU
		{C5C58DB6-BC0F-3089-307F-0DBB452C44EE}.Release|Any CPU.ActiveCfg = Release|Any CPU
		{C5C58DB6-BC0F-3089-307F-0DBB452C44EE}.Release|Any CPU.Build.0 = Release|Any CPU
		{A7199D88-7404-6BB9-FF58-CAED20FDA6BE}.Debug|Any CPU.ActiveCfg = Debug|Any CPU
		{A7199D88-7404-6BB9-FF58-CAED20FDA6BE}.Debug|Any CPU.Build.0 = Debug|Any CPU
		{A7199D88-7404-6BB9-FF58-CAED20FDA6BE}.Release|Any CPU.ActiveCfg = Release|Any CPU
		{A7199D88-7404-6BB9-FF58-CAED20FDA6BE}.Release|Any CPU.Build.0 = Release|Any CPU
		{203EBCD4-DA00-CF7D-B02E-736F0C168217}.Debug|Any CPU.ActiveCfg = Debug|Any CPU
		{203EBCD4-DA00-CF7D-B02E-736F0C168217}.Debug|Any CPU.Build.0 = Debug|Any CPU
		{203EBCD4-DA00-CF7D-B02E-736F0C168217}.Release|Any CPU.ActiveCfg = Release|Any CPU
		{203EBCD4-DA00-CF7D-B02E-736F0C168217}.Release|Any CPU.Build.0 = Release|Any CPU
		{94A6A09B-197B-1E7B-6E38-3F2FE34D26AB}.Debug|Any CPU.ActiveCfg = Debug|Any CPU
		{94A6A09B-197B-1E7B-6E38-3F2FE34D26AB}.Debug|Any CPU.Build.0 = Debug|Any CPU
		{94A6A09B-197B-1E7B-6E38-3F2FE34D26AB}.Release|Any CPU.ActiveCfg = Release|Any CPU
		{94A6A09B-197B-1E7B-6E38-3F2FE34D26AB}.Release|Any CPU.Build.0 = Release|Any CPU
	EndGlobalSection
	GlobalSection(SolutionProperties) = preSolution
		HideSolutionNode = FALSE
	EndGlobalSection
EndGlobal
